
Microsoft Visual Studio Solution File, Format Version 12.00
# Visual Studio Version 16
VisualStudioVersion = 16.0.32126.315
MinimumVisualStudioVersion = 10.0.40219.1
Project("{9A19103F-16F7-4668-BE54-9A1E7A4F7556}") = "01. Count Chars in a String", "01. Count Chars in a String\01. Count Chars in a String.csproj", "{0FCD508E-48CD-4BEA-9F7D-5F2542A639D5}"
EndProject
Project("{9A19103F-16F7-4668-BE54-9A1E7A4F7556}") = "02. A Miner Task", "02. A Miner Task\02. A Miner Task.csproj", "{C45A5E59-F4C9-45D6-B680-385CE7AA5601}"
EndProject
Project("{9A19103F-16F7-4668-BE54-9A1E7A4F7556}") = "03. Orders", "03. Orders\03. Orders.csproj", "{26431DD2-30C3-42BE-B0DE-71839E9E9A86}"
EndProject
Project("{9A19103F-16F7-4668-BE54-9A1E7A4F7556}") = "04. SoftUni Parking", "04. SoftUni Parking\04. SoftUni Parking.csproj", "{50198598-830C-48E0-8845-CE8FD03BA520}"
EndProject
Project("{FAE04EC0-301F-11D3-BF4B-00C04F79EFBC}") = "05. Courses", "05. Courses\05. Courses.csproj", "{D3802C4F-14E7-4182-935D-5F03F6A1D8A1}"
EndProject
Project("{FAE04EC0-301F-11D3-BF4B-00C04F79EFBC}") = "06. Student Academy", "06. Student Academy\06. Student Academy.csproj", "{BDED5CE3-3E16-43C6-90C7-B88A5BD1C073}"
EndProject
Project("{FAE04EC0-301F-11D3-BF4B-00C04F79EFBC}") = "07. Company Users", "07. Company Users\07. Company Users.csproj", "{D0FAC07A-95AF-4ABD-A4BE-14EAD85B0EB8}"
EndProject
Global
	GlobalSection(SolutionConfigurationPlatforms) = preSolution
		Debug|Any CPU = Debug|Any CPU
		Release|Any CPU = Release|Any CPU
	EndGlobalSection
	GlobalSection(ProjectConfigurationPlatforms) = postSolution
		{0FCD508E-48CD-4BEA-9F7D-5F2542A639D5}.Debug|Any CPU.ActiveCfg = Debug|Any CPU
		{0FCD508E-48CD-4BEA-9F7D-5F2542A639D5}.Debug|Any CPU.Build.0 = Debug|Any CPU
		{0FCD508E-48CD-4BEA-9F7D-5F2542A639D5}.Release|Any CPU.ActiveCfg = Release|Any CPU
		{0FCD508E-48CD-4BEA-9F7D-5F2542A639D5}.Release|Any CPU.Build.0 = Release|Any CPU
		{C45A5E59-F4C9-45D6-B680-385CE7AA5601}.Debug|Any CPU.ActiveCfg = Debug|Any CPU
		{C45A5E59-F4C9-45D6-B680-385CE7AA5601}.Debug|Any CPU.Build.0 = Debug|Any CPU
		{C45A5E59-F4C9-45D6-B680-385CE7AA5601}.Release|Any CPU.ActiveCfg = Release|Any CPU
		{C45A5E59-F4C9-45D6-B680-385CE7AA5601}.Release|Any CPU.Build.0 = Release|Any CPU
		{26431DD2-30C3-42BE-B0DE-71839E9E9A86}.Debug|Any CPU.ActiveCfg = Debug|Any CPU
		{26431DD2-30C3-42BE-B0DE-71839E9E9A86}.Debug|Any CPU.Build.0 = Debug|Any CPU
		{26431DD2-30C3-42BE-B0DE-71839E9E9A86}.Release|Any CPU.ActiveCfg = Release|Any CPU
		{26431DD2-30C3-42BE-B0DE-71839E9E9A86}.Release|Any CPU.Build.0 = Release|Any CPU
		{50198598-830C-48E0-8845-CE8FD03BA520}.Debug|Any CPU.ActiveCfg = Debug|Any CPU
		{50198598-830C-48E0-8845-CE8FD03BA520}.Debug|Any CPU.Build.0 = Debug|Any CPU
		{50198598-830C-48E0-8845-CE8FD03BA520}.Release|Any CPU.ActiveCfg = Release|Any CPU
		{50198598-830C-48E0-8845-CE8FD03BA520}.Release|Any CPU.Build.0 = Release|Any CPU
		{D3802C4F-14E7-4182-935D-5F03F6A1D8A1}.Debug|Any CPU.ActiveCfg = Debug|Any CPU
		{D3802C4F-14E7-4182-935D-5F03F6A1D8A1}.Debug|Any CPU.Build.0 = Debug|Any CPU
		{D3802C4F-14E7-4182-935D-5F03F6A1D8A1}.Release|Any CPU.ActiveCfg = Release|Any CPU
		{D3802C4F-14E7-4182-935D-5F03F6A1D8A1}.Release|Any CPU.Build.0 = Release|Any CPU
		{BDED5CE3-3E16-43C6-90C7-B88A5BD1C073}.Debug|Any CPU.ActiveCfg = Debug|Any CPU
		{BDED5CE3-3E16-43C6-90C7-B88A5BD1C073}.Debug|Any CPU.Build.0 = Debug|Any CPU
		{BDED5CE3-3E16-43C6-90C7-B88A5BD1C073}.Release|Any CPU.ActiveCfg = Release|Any CPU
		{BDED5CE3-3E16-43C6-90C7-B88A5BD1C073}.Release|Any CPU.Build.0 = Release|Any CPU
		{D0FAC07A-95AF-4ABD-A4BE-14EAD85B0EB8}.Debug|Any CPU.ActiveCfg = Debug|Any CPU
		{D0FAC07A-95AF-4ABD-A4BE-14EAD85B0EB8}.Debug|Any CPU.Build.0 = Debug|Any CPU
		{D0FAC07A-95AF-4ABD-A4BE-14EAD85B0EB8}.Release|Any CPU.ActiveCfg = Release|Any CPU
		{D0FAC07A-95AF-4ABD-A4BE-14EAD85B0EB8}.Release|Any CPU.Build.0 = Release|Any CPU
	EndGlobalSection
	GlobalSection(SolutionProperties) = preSolution
		HideSolutionNode = FALSE
	EndGlobalSection
	GlobalSection(ExtensibilityGlobals) = postSolution
		SolutionGuid = {469E6EE1-8571-48CF-BDE0-4B89345D98B6}
	EndGlobalSection
EndGlobal
